
Microsoft Visual Studio Solution File, Format Version 12.00
# Visual Studio 15
VisualStudioVersion = 15.0.27703.2042
MinimumVisualStudioVersion = 10.0.40219.1
Project("{FAE04EC0-301F-11D3-BF4B-00C04F79EFBC}") = "SPA_WebAPI", "SPA_WebAPI\SPA_WebAPI.csproj", "{5FCDCE63-9662-4570-B42F-F62014AEFE60}"
EndProject
Project("{FAE04EC0-301F-11D3-BF4B-00C04F79EFBC}") = "SPA_WebAPI.Tests", "SPA_WebAPI.Tests\SPA_WebAPI.Tests.csproj", "{3D806A1E-B5F5-45E7-934D-127CF3843C8C}"
EndProject
Project("{FAE04EC0-301F-11D3-BF4B-00C04F79EFBC}") = "SPA_DL", "SPA_DL\SPA_DL.csproj", "{D81F8595-18A6-456A-A565-D0A46E527083}"
EndProject
Project("{FAE04EC0-301F-11D3-BF4B-00C04F79EFBC}") = "SPA_BL", "SPA_BL\SPA_BL.csproj", "{DC5BDF31-283D-4FCB-B279-487E1DB93435}"
EndProject
Project("{FAE04EC0-301F-11D3-BF4B-00C04F79EFBC}") = "PerformanceTests", "PerformanceTests\PerformanceTests.csproj", "{37FEB9BE-1C7B-460F-A6CC-96065768D34F}"
EndProject
Global
	GlobalSection(SolutionConfigurationPlatforms) = preSolution
		Debug|Any CPU = Debug|Any CPU
		Release|Any CPU = Release|Any CPU
	EndGlobalSection
	GlobalSection(ProjectConfigurationPlatforms) = postSolution
		{5FCDCE63-9662-4570-B42F-F62014AEFE60}.Debug|Any CPU.ActiveCfg = Debug|Any CPU
		{5FCDCE63-9662-4570-B42F-F62014AEFE60}.Debug|Any CPU.Build.0 = Debug|Any CPU
		{5FCDCE63-9662-4570-B42F-F62014AEFE60}.Release|Any CPU.ActiveCfg = Release|Any CPU
		{5FCDCE63-9662-4570-B42F-F62014AEFE60}.Release|Any CPU.Build.0 = Release|Any CPU
		{3D806A1E-B5F5-45E7-934D-127CF3843C8C}.Debug|Any CPU.ActiveCfg = Debug|Any CPU
		{3D806A1E-B5F5-45E7-934D-127CF3843C8C}.Debug|Any CPU.Build.0 = Debug|Any CPU
		{3D806A1E-B5F5-45E7-934D-127CF3843C8C}.Release|Any CPU.ActiveCfg = Release|Any CPU
		{3D806A1E-B5F5-45E7-934D-127CF3843C8C}.Release|Any CPU.Build.0 = Release|Any CPU
		{D81F8595-18A6-456A-A565-D0A46E527083}.Debug|Any CPU.ActiveCfg = Debug|Any CPU
		{D81F8595-18A6-456A-A565-D0A46E527083}.Debug|Any CPU.Build.0 = Debug|Any CPU
		{D81F8595-18A6-456A-A565-D0A46E527083}.Release|Any CPU.ActiveCfg = Release|Any CPU
		{D81F8595-18A6-456A-A565-D0A46E527083}.Release|Any CPU.Build.0 = Release|Any CPU
		{DC5BDF31-283D-4FCB-B279-487E1DB93435}.Debug|Any CPU.ActiveCfg = Debug|Any CPU
		{DC5BDF31-283D-4FCB-B279-487E1DB93435}.Debug|Any CPU.Build.0 = Debug|Any CPU
		{DC5BDF31-283D-4FCB-B279-487E1DB93435}.Release|Any CPU.ActiveCfg = Release|Any CPU
		{DC5BDF31-283D-4FCB-B279-487E1DB93435}.Release|Any CPU.Build.0 = Release|Any CPU
		{37FEB9BE-1C7B-460F-A6CC-96065768D34F}.Debug|Any CPU.ActiveCfg = Debug|Any CPU
		{37FEB9BE-1C7B-460F-A6CC-96065768D34F}.Debug|Any CPU.Build.0 = Debug|Any CPU
		{37FEB9BE-1C7B-460F-A6CC-96065768D34F}.Release|Any CPU.ActiveCfg = Release|Any CPU
		{37FEB9BE-1C7B-460F-A6CC-96065768D34F}.Release|Any CPU.Build.0 = Release|Any CPU
	EndGlobalSection
	GlobalSection(SolutionProperties) = preSolution
		HideSolutionNode = FALSE
	EndGlobalSection
	GlobalSection(ExtensibilityGlobals) = postSolution
		SolutionGuid = {B42DEC2B-366B-4D10-85FD-1EC73CD12346}
	EndGlobalSection
EndGlobal
